// !$*UTF8*$!
{
	archiveVersion = 1;
	classes = {
	};
	objectVersion = 55;
	objects = {

/* Begin PBXBuildFile section */
		5209E5172BC48CED00E89130 /* MapDataManager.swift in Sources */ = {isa = PBXBuildFile; fileRef = 5209E5162BC48CED00E89130 /* MapDataManager.swift */; };
		5209E51A2BC4919500E89130 /* DataManager.swift in Sources */ = {isa = PBXBuildFile; fileRef = 5209E5192BC4919500E89130 /* DataManager.swift */; };
		5209E51C2BC4986000E89130 /* MapViewController.swift in Sources */ = {isa = PBXBuildFile; fileRef = 5209E51B2BC4986000E89130 /* MapViewController.swift */; };
		52263F792BBF3BCA00B02A0C /* ExploreData.plist in Resources */ = {isa = PBXBuildFile; fileRef = 52263F782BBF3BCA00B02A0C /* ExploreData.plist */; };
		52263F7B2BBF3CA600B02A0C /* ExploreItem.swift in Sources */ = {isa = PBXBuildFile; fileRef = 52263F7A2BBF3CA600B02A0C /* ExploreItem.swift */; };
		522B102C2B2B3821005EED72 /* RestaurantListViewController.swift in Sources */ = {isa = PBXBuildFile; fileRef = 522B102B2B2B3821005EED72 /* RestaurantListViewController.swift */; };
		52477D292B234E900005557D /* ExploreViewController.swift in Sources */ = {isa = PBXBuildFile; fileRef = 52477D282B234E900005557D /* ExploreViewController.swift */; };
		527DC2212BC839E40001D30D /* RestaurantDetailViewController.swift in Sources */ = {isa = PBXBuildFile; fileRef = 527DC2202BC839E40001D30D /* RestaurantDetailViewController.swift */; };
		528CA05D2BCD7EC6003B2807 /* Miami.json in Resources */ = {isa = PBXBuildFile; fileRef = 528CA04F2BCD7EC6003B2807 /* Miami.json */; };
		528CA05E2BCD7EC6003B2807 /* New Orleans.json in Resources */ = {isa = PBXBuildFile; fileRef = 528CA0502BCD7EC6003B2807 /* New Orleans.json */; };
		528CA05F2BCD7EC6003B2807 /* San Antonio.json in Resources */ = {isa = PBXBuildFile; fileRef = 528CA0512BCD7EC6003B2807 /* San Antonio.json */; };
		528CA0602BCD7EC6003B2807 /* Chicago.json in Resources */ = {isa = PBXBuildFile; fileRef = 528CA0522BCD7EC6003B2807 /* Chicago.json */; };
		528CA0612BCD7EC6003B2807 /* Philadelphia.json in Resources */ = {isa = PBXBuildFile; fileRef = 528CA0532BCD7EC6003B2807 /* Philadelphia.json */; };
		528CA0622BCD7EC6003B2807 /* Charleston.json in Resources */ = {isa = PBXBuildFile; fileRef = 528CA0542BCD7EC6003B2807 /* Charleston.json */; };
		528CA0632BCD7EC6003B2807 /* Las Vegas.json in Resources */ = {isa = PBXBuildFile; fileRef = 528CA0552BCD7EC6003B2807 /* Las Vegas.json */; };
		528CA0642BCD7EC6003B2807 /* Portland.json in Resources */ = {isa = PBXBuildFile; fileRef = 528CA0562BCD7EC6003B2807 /* Portland.json */; };
		528CA0652BCD7EC6003B2807 /* Aspen.json in Resources */ = {isa = PBXBuildFile; fileRef = 528CA0572BCD7EC6003B2807 /* Aspen.json */; };
		528CA0662BCD7EC6003B2807 /* Los Angeles.json in Resources */ = {isa = PBXBuildFile; fileRef = 528CA0582BCD7EC6003B2807 /* Los Angeles.json */; };
		528CA0672BCD7EC6003B2807 /* Houston.json in Resources */ = {isa = PBXBuildFile; fileRef = 528CA0592BCD7EC6003B2807 /* Houston.json */; };
		528CA0682BCD7EC6003B2807 /* Boston.json in Resources */ = {isa = PBXBuildFile; fileRef = 528CA05A2BCD7EC6003B2807 /* Boston.json */; };
		528CA0692BCD7EC6003B2807 /* New York.json in Resources */ = {isa = PBXBuildFile; fileRef = 528CA05B2BCD7EC6003B2807 /* New York.json */; };
		528CA06A2BCD7EC6003B2807 /* San Francisco.json in Resources */ = {isa = PBXBuildFile; fileRef = 528CA05C2BCD7EC6003B2807 /* San Francisco.json */; };
		528CA06D2BCD821A003B2807 /* RestaurantDataManager.swift in Sources */ = {isa = PBXBuildFile; fileRef = 528CA06C2BCD821A003B2807 /* RestaurantDataManager.swift */; };
		529F85152BC4440200072B66 /* MapLocations.plist in Resources */ = {isa = PBXBuildFile; fileRef = 529F85142BC4440200072B66 /* MapLocations.plist */; };
		529F85172BC4446400072B66 /* RestaurantItem.swift in Sources */ = {isa = PBXBuildFile; fileRef = 529F85162BC4446400072B66 /* RestaurantItem.swift */; };
		52B4DFC22BC2E86A00C36EA9 /* LocationViewController.swift in Sources */ = {isa = PBXBuildFile; fileRef = 52B4DFC12BC2E86A00C36EA9 /* LocationViewController.swift */; };
		52B4DFC42BC2F1FD00C36EA9 /* Locations.plist in Resources */ = {isa = PBXBuildFile; fileRef = 52B4DFC32BC2F1FD00C36EA9 /* Locations.plist */; };
		52B4DFC62BC2F3FF00C36EA9 /* LocationDataManager.swift in Sources */ = {isa = PBXBuildFile; fileRef = 52B4DFC52BC2F3FF00C36EA9 /* LocationDataManager.swift */; };
		52C384832BC5FCCA0059494F /* RestaurantDetail.storyboard in Resources */ = {isa = PBXBuildFile; fileRef = 52C384822BC5FCCA0059494F /* RestaurantDetail.storyboard */; };
		52C384872BC5FD000059494F /* ReviewForm.storyboard in Resources */ = {isa = PBXBuildFile; fileRef = 52C384862BC5FD000059494F /* ReviewForm.storyboard */; };
		52C384892BC5FD100059494F /* PhotoFilter.storyboard in Resources */ = {isa = PBXBuildFile; fileRef = 52C384882BC5FD100059494F /* PhotoFilter.storyboard */; };
		52C3848B2BC600580059494F /* Segue.swift in Sources */ = {isa = PBXBuildFile; fileRef = 52C3848A2BC600580059494F /* Segue.swift */; };
		52C9346C2BD0276000F7A0ED /* LocationItem.swift in Sources */ = {isa = PBXBuildFile; fileRef = 52C9346B2BD0276000F7A0ED /* LocationItem.swift */; };
		52D467E82BC02EEB00A7CB62 /* ExploreDataManager.swift in Sources */ = {isa = PBXBuildFile; fileRef = 52D467E72BC02EEB00A7CB62 /* ExploreDataManager.swift */; };
		52D467EB2BC0441600A7CB62 /* ExploreCell.swift in Sources */ = {isa = PBXBuildFile; fileRef = 52D467EA2BC0441600A7CB62 /* ExploreCell.swift */; };
		52E5441C2B20C86200A68234 /* AppDelegate.swift in Sources */ = {isa = PBXBuildFile; fileRef = 52E5441B2B20C86200A68234 /* AppDelegate.swift */; };
		52E5441E2B20C86200A68234 /* SceneDelegate.swift in Sources */ = {isa = PBXBuildFile; fileRef = 52E5441D2B20C86200A68234 /* SceneDelegate.swift */; };
		52E544232B20C86200A68234 /* Main.storyboard in Resources */ = {isa = PBXBuildFile; fileRef = 52E544212B20C86200A68234 /* Main.storyboard */; };
		52E544282B20C86400A68234 /* LaunchScreen.storyboard in Resources */ = {isa = PBXBuildFile; fileRef = 52E544262B20C86400A68234 /* LaunchScreen.storyboard */; };
		52E544302B20D84600A68234 /* Assets.xcassets in Resources */ = {isa = PBXBuildFile; fileRef = 52E5442F2B20D84600A68234 /* Assets.xcassets */; };
/* End PBXBuildFile section */

/* Begin PBXFileReference section */
		5209E5162BC48CED00E89130 /* MapDataManager.swift */ = {isa = PBXFileReference; lastKnownFileType = sourcecode.swift; path = MapDataManager.swift; sourceTree = "<group>"; };
		5209E5192BC4919500E89130 /* DataManager.swift */ = {isa = PBXFileReference; lastKnownFileType = sourcecode.swift; path = DataManager.swift; sourceTree = "<group>"; };
		5209E51B2BC4986000E89130 /* MapViewController.swift */ = {isa = PBXFileReference; lastKnownFileType = sourcecode.swift; path = MapViewController.swift; sourceTree = "<group>"; };
		52263F782BBF3BCA00B02A0C /* ExploreData.plist */ = {isa = PBXFileReference; fileEncoding = 4; lastKnownFileType = text.plist.xml; path = ExploreData.plist; sourceTree = "<group>"; };
		52263F7A2BBF3CA600B02A0C /* ExploreItem.swift */ = {isa = PBXFileReference; lastKnownFileType = sourcecode.swift; path = ExploreItem.swift; sourceTree = "<group>"; };
		522B102B2B2B3821005EED72 /* RestaurantListViewController.swift */ = {isa = PBXFileReference; lastKnownFileType = sourcecode.swift; path = RestaurantListViewController.swift; sourceTree = "<group>"; };
		52477D282B234E900005557D /* ExploreViewController.swift */ = {isa = PBXFileReference; lastKnownFileType = sourcecode.swift; path = ExploreViewController.swift; sourceTree = "<group>"; };
		527DC2202BC839E40001D30D /* RestaurantDetailViewController.swift */ = {isa = PBXFileReference; lastKnownFileType = sourcecode.swift; path = RestaurantDetailViewController.swift; sourceTree = "<group>"; };
		528CA04F2BCD7EC6003B2807 /* Miami.json */ = {isa = PBXFileReference; fileEncoding = 4; lastKnownFileType = text.json; path = Miami.json; sourceTree = "<group>"; };
		528CA0502BCD7EC6003B2807 /* New Orleans.json */ = {isa = PBXFileReference; fileEncoding = 4; lastKnownFileType = text.json; path = "New Orleans.json"; sourceTree = "<group>"; };
		528CA0512BCD7EC6003B2807 /* San Antonio.json */ = {isa = PBXFileReference; fileEncoding = 4; lastKnownFileType = text.json; path = "San Antonio.json"; sourceTree = "<group>"; };
		528CA0522BCD7EC6003B2807 /* Chicago.json */ = {isa = PBXFileReference; fileEncoding = 4; lastKnownFileType = text.json; path = Chicago.json; sourceTree = "<group>"; };
		528CA0532BCD7EC6003B2807 /* Philadelphia.json */ = {isa = PBXFileReference; fileEncoding = 4; lastKnownFileType = text.json; path = Philadelphia.json; sourceTree = "<group>"; };
		528CA0542BCD7EC6003B2807 /* Charleston.json */ = {isa = PBXFileReference; fileEncoding = 4; lastKnownFileType = text.json; path = Charleston.json; sourceTree = "<group>"; };
		528CA0552BCD7EC6003B2807 /* Las Vegas.json */ = {isa = PBXFileReference; fileEncoding = 4; lastKnownFileType = text.json; path = "Las Vegas.json"; sourceTree = "<group>"; };
		528CA0562BCD7EC6003B2807 /* Portland.json */ = {isa = PBXFileReference; fileEncoding = 4; lastKnownFileType = text.json; path = Portland.json; sourceTree = "<group>"; };
		528CA0572BCD7EC6003B2807 /* Aspen.json */ = {isa = PBXFileReference; fileEncoding = 4; lastKnownFileType = text.json; path = Aspen.json; sourceTree = "<group>"; };
		528CA0582BCD7EC6003B2807 /* Los Angeles.json */ = {isa = PBXFileReference; fileEncoding = 4; lastKnownFileType = text.json; path = "Los Angeles.json"; sourceTree = "<group>"; };
		528CA0592BCD7EC6003B2807 /* Houston.json */ = {isa = PBXFileReference; fileEncoding = 4; lastKnownFileType = text.json; path = Houston.json; sourceTree = "<group>"; };
		528CA05A2BCD7EC6003B2807 /* Boston.json */ = {isa = PBXFileReference; fileEncoding = 4; lastKnownFileType = text.json; path = Boston.json; sourceTree = "<group>"; };
		528CA05B2BCD7EC6003B2807 /* New York.json */ = {isa = PBXFileReference; fileEncoding = 4; lastKnownFileType = text.json; path = "New York.json"; sourceTree = "<group>"; };
		528CA05C2BCD7EC6003B2807 /* San Francisco.json */ = {isa = PBXFileReference; fileEncoding = 4; lastKnownFileType = text.json; path = "San Francisco.json"; sourceTree = "<group>"; };
		528CA06C2BCD821A003B2807 /* RestaurantDataManager.swift */ = {isa = PBXFileReference; lastKnownFileType = sourcecode.swift; path = RestaurantDataManager.swift; sourceTree = "<group>"; };
		529F85142BC4440200072B66 /* MapLocations.plist */ = {isa = PBXFileReference; fileEncoding = 4; lastKnownFileType = text.plist.xml; path = MapLocations.plist; sourceTree = "<group>"; };
		529F85162BC4446400072B66 /* RestaurantItem.swift */ = {isa = PBXFileReference; lastKnownFileType = sourcecode.swift; path = RestaurantItem.swift; sourceTree = "<group>"; };
		52B4DFC12BC2E86A00C36EA9 /* LocationViewController.swift */ = {isa = PBXFileReference; lastKnownFileType = sourcecode.swift; path = LocationViewController.swift; sourceTree = "<group>"; };
		52B4DFC32BC2F1FD00C36EA9 /* Locations.plist */ = {isa = PBXFileReference; lastKnownFileType = text.plist.xml; path = Locations.plist; sourceTree = "<group>"; };
		52B4DFC52BC2F3FF00C36EA9 /* LocationDataManager.swift */ = {isa = PBXFileReference; lastKnownFileType = sourcecode.swift; path = LocationDataManager.swift; sourceTree = "<group>"; };
		52C384822BC5FCCA0059494F /* RestaurantDetail.storyboard */ = {isa = PBXFileReference; fileEncoding = 4; lastKnownFileType = file.storyboard; path = RestaurantDetail.storyboard; sourceTree = "<group>"; };
		52C384862BC5FD000059494F /* ReviewForm.storyboard */ = {isa = PBXFileReference; fileEncoding = 4; lastKnownFileType = file.storyboard; path = ReviewForm.storyboard; sourceTree = "<group>"; };
		52C384882BC5FD100059494F /* PhotoFilter.storyboard */ = {isa = PBXFileReference; fileEncoding = 4; lastKnownFileType = file.storyboard; path = PhotoFilter.storyboard; sourceTree = "<group>"; };
		52C3848A2BC600580059494F /* Segue.swift */ = {isa = PBXFileReference; lastKnownFileType = sourcecode.swift; path = Segue.swift; sourceTree = "<group>"; };
		52C9346B2BD0276000F7A0ED /* LocationItem.swift */ = {isa = PBXFileReference; lastKnownFileType = sourcecode.swift; path = LocationItem.swift; sourceTree = "<group>"; };
		52D467E72BC02EEB00A7CB62 /* ExploreDataManager.swift */ = {isa = PBXFileReference; lastKnownFileType = sourcecode.swift; path = ExploreDataManager.swift; sourceTree = "<group>"; };
		52D467EA2BC0441600A7CB62 /* ExploreCell.swift */ = {isa = PBXFileReference; lastKnownFileType = sourcecode.swift; path = ExploreCell.swift; sourceTree = "<group>"; };
		52E544182B20C86200A68234 /* LetsEat.app */ = {isa = PBXFileReference; explicitFileType = wrapper.application; includeInIndex = 0; path = LetsEat.app; sourceTree = BUILT_PRODUCTS_DIR; };
		52E5441B2B20C86200A68234 /* AppDelegate.swift */ = {isa = PBXFileReference; lastKnownFileType = sourcecode.swift; path = AppDelegate.swift; sourceTree = "<group>"; };
		52E5441D2B20C86200A68234 /* SceneDelegate.swift */ = {isa = PBXFileReference; lastKnownFileType = sourcecode.swift; path = SceneDelegate.swift; sourceTree = "<group>"; };
		52E544222B20C86200A68234 /* Base */ = {isa = PBXFileReference; lastKnownFileType = file.storyboard; name = Base; path = Base.lproj/Main.storyboard; sourceTree = "<group>"; };
		52E544272B20C86400A68234 /* Base */ = {isa = PBXFileReference; lastKnownFileType = file.storyboard; name = Base; path = Base.lproj/LaunchScreen.storyboard; sourceTree = "<group>"; };
		52E544292B20C86400A68234 /* Info.plist */ = {isa = PBXFileReference; lastKnownFileType = text.plist.xml; path = Info.plist; sourceTree = "<group>"; };
		52E5442F2B20D84600A68234 /* Assets.xcassets */ = {isa = PBXFileReference; lastKnownFileType = folder.assetcatalog; path = Assets.xcassets; sourceTree = "<group>"; };
/* End PBXFileReference section */

/* Begin PBXFrameworksBuildPhase section */
		52E544152B20C86200A68234 /* Frameworks */ = {
			isa = PBXFrameworksBuildPhase;
			buildActionMask = 2147483647;
			files = (
			);
			runOnlyForDeploymentPostprocessing = 0;
		};
/* End PBXFrameworksBuildPhase section */

/* Begin PBXGroup section */
		520354FD2B221EC6007AE9DD /* Explore */ = {
			isa = PBXGroup;
			children = (
				52D467E92BC043D200A7CB62 /* View */,
				52263F772BBF3B9800B02A0C /* Model */,
				52477D282B234E900005557D /* ExploreViewController.swift */,
			);
			path = Explore;
			sourceTree = "<group>";
		};
		5209E5182BC4918000E89130 /* Misc */ = {
			isa = PBXGroup;
			children = (
				528CA04E2BCD7EA7003B2807 /* JSON */,
				5209E5192BC4919500E89130 /* DataManager.swift */,
				52C3848A2BC600580059494F /* Segue.swift */,
			);
			path = Misc;
			sourceTree = "<group>";
		};
		52263F772BBF3B9800B02A0C /* Model */ = {
			isa = PBXGroup;
			children = (
				52263F782BBF3BCA00B02A0C /* ExploreData.plist */,
				52263F7A2BBF3CA600B02A0C /* ExploreItem.swift */,
				52D467E72BC02EEB00A7CB62 /* ExploreDataManager.swift */,
			);
			path = Model;
			sourceTree = "<group>";
		};
		522B102A2B2B37CA005EED72 /* Restaurants */ = {
			isa = PBXGroup;
			children = (
				528CA06B2BCD81EA003B2807 /* Model */,
				522B102B2B2B3821005EED72 /* RestaurantListViewController.swift */,
			);
			path = Restaurants;
			sourceTree = "<group>";
		};
		528CA04E2BCD7EA7003B2807 /* JSON */ = {
			isa = PBXGroup;
			children = (
				528CA0572BCD7EC6003B2807 /* Aspen.json */,
				528CA05A2BCD7EC6003B2807 /* Boston.json */,
				528CA0542BCD7EC6003B2807 /* Charleston.json */,
				528CA0522BCD7EC6003B2807 /* Chicago.json */,
				528CA0592BCD7EC6003B2807 /* Houston.json */,
				528CA0552BCD7EC6003B2807 /* Las Vegas.json */,
				528CA0582BCD7EC6003B2807 /* Los Angeles.json */,
				528CA04F2BCD7EC6003B2807 /* Miami.json */,
				528CA0502BCD7EC6003B2807 /* New Orleans.json */,
				528CA05B2BCD7EC6003B2807 /* New York.json */,
				528CA0532BCD7EC6003B2807 /* Philadelphia.json */,
				528CA0562BCD7EC6003B2807 /* Portland.json */,
				528CA0512BCD7EC6003B2807 /* San Antonio.json */,
				528CA05C2BCD7EC6003B2807 /* San Francisco.json */,
			);
			path = JSON;
			sourceTree = "<group>";
		};
		528CA06B2BCD81EA003B2807 /* Model */ = {
			isa = PBXGroup;
			children = (
				528CA06C2BCD821A003B2807 /* RestaurantDataManager.swift */,
			);
			path = Model;
			sourceTree = "<group>";
		};
		529F85122BC4433C00072B66 /* Map */ = {
			isa = PBXGroup;
			children = (
				529F85132BC4435000072B66 /* Model */,
				5209E51B2BC4986000E89130 /* MapViewController.swift */,
			);
			path = Map;
			sourceTree = "<group>";
		};
		529F85132BC4435000072B66 /* Model */ = {
			isa = PBXGroup;
			children = (
				529F85142BC4440200072B66 /* MapLocations.plist */,
				5209E5162BC48CED00E89130 /* MapDataManager.swift */,
			);
			path = Model;
			sourceTree = "<group>";
		};
		52B4DFBE2BC2E7FB00C36EA9 /* Location */ = {
			isa = PBXGroup;
			children = (
				52B4DFC02BC2E81000C36EA9 /* Model */,
				52B4DFBF2BC2E80700C36EA9 /* View */,
				52B4DFC12BC2E86A00C36EA9 /* LocationViewController.swift */,
			);
			path = Location;
			sourceTree = "<group>";
		};
		52B4DFBF2BC2E80700C36EA9 /* View */ = {
			isa = PBXGroup;
			children = (
			);
			path = View;
			sourceTree = "<group>";
		};
		52B4DFC02BC2E81000C36EA9 /* Model */ = {
			isa = PBXGroup;
			children = (
				52B4DFC32BC2F1FD00C36EA9 /* Locations.plist */,
				52B4DFC52BC2F3FF00C36EA9 /* LocationDataManager.swift */,
				529F85162BC4446400072B66 /* RestaurantItem.swift */,
				52C9346B2BD0276000F7A0ED /* LocationItem.swift */,
			);
			path = Model;
			sourceTree = "<group>";
		};
		52C384812BC5FC840059494F /* RestaurantDetail */ = {
			isa = PBXGroup;
			children = (
				52C384822BC5FCCA0059494F /* RestaurantDetail.storyboard */,
				527DC2202BC839E40001D30D /* RestaurantDetailViewController.swift */,
			);
			path = RestaurantDetail;
			sourceTree = "<group>";
		};
		52C384842BC5FCD70059494F /* ReviewForm */ = {
			isa = PBXGroup;
			children = (
				52C384862BC5FD000059494F /* ReviewForm.storyboard */,
			);
			path = ReviewForm;
			sourceTree = "<group>";
		};
		52C384852BC5FCE30059494F /* PhotoFilter */ = {
			isa = PBXGroup;
			children = (
				52C384882BC5FD100059494F /* PhotoFilter.storyboard */,
			);
			path = PhotoFilter;
			sourceTree = "<group>";
		};
		52D467E92BC043D200A7CB62 /* View */ = {
			isa = PBXGroup;
			children = (
				52D467EA2BC0441600A7CB62 /* ExploreCell.swift */,
			);
			path = View;
			sourceTree = "<group>";
		};
		52E5440F2B20C86200A68234 = {
			isa = PBXGroup;
			children = (
				52E5441A2B20C86200A68234 /* LetsEat */,
				52E544192B20C86200A68234 /* Products */,
			);
			sourceTree = "<group>";
		};
		52E544192B20C86200A68234 /* Products */ = {
			isa = PBXGroup;
			children = (
				52E544182B20C86200A68234 /* LetsEat.app */,
			);
			name = Products;
			sourceTree = "<group>";
		};
		52E5441A2B20C86200A68234 /* LetsEat */ = {
			isa = PBXGroup;
			children = (
				52C384852BC5FCE30059494F /* PhotoFilter */,
				52C384842BC5FCD70059494F /* ReviewForm */,
				52C384812BC5FC840059494F /* RestaurantDetail */,
				5209E5182BC4918000E89130 /* Misc */,
				529F85122BC4433C00072B66 /* Map */,
				52B4DFBE2BC2E7FB00C36EA9 /* Location */,
				522B102A2B2B37CA005EED72 /* Restaurants */,
				520354FD2B221EC6007AE9DD /* Explore */,
				52E5441B2B20C86200A68234 /* AppDelegate.swift */,
				52E5441D2B20C86200A68234 /* SceneDelegate.swift */,
				52E544212B20C86200A68234 /* Main.storyboard */,
				52E544262B20C86400A68234 /* LaunchScreen.storyboard */,
				52E544292B20C86400A68234 /* Info.plist */,
				52E5442F2B20D84600A68234 /* Assets.xcassets */,
			);
			path = LetsEat;
			sourceTree = "<group>";
		};
/* End PBXGroup section */

/* Begin PBXNativeTarget section */
		52E544172B20C86200A68234 /* LetsEat */ = {
			isa = PBXNativeTarget;
			buildConfigurationList = 52E5442C2B20C86400A68234 /* Build configuration list for PBXNativeTarget "LetsEat" */;
			buildPhases = (
				52E544142B20C86200A68234 /* Sources */,
				52E544152B20C86200A68234 /* Frameworks */,
				52E544162B20C86200A68234 /* Resources */,
			);
			buildRules = (
			);
			dependencies = (
			);
			name = LetsEat;
			productName = LetsEat;
			productReference = 52E544182B20C86200A68234 /* LetsEat.app */;
			productType = "com.apple.product-type.application";
		};
/* End PBXNativeTarget section */

/* Begin PBXProject section */
		52E544102B20C86200A68234 /* Project object */ = {
			isa = PBXProject;
			attributes = {
				BuildIndependentTargetsInParallel = 1;
				LastSwiftUpdateCheck = 1420;
				LastUpgradeCheck = 1420;
				TargetAttributes = {
					52E544172B20C86200A68234 = {
						CreatedOnToolsVersion = 14.2;
					};
				};
			};
			buildConfigurationList = 52E544132B20C86200A68234 /* Build configuration list for PBXProject "LetsEat" */;
			compatibilityVersion = "Xcode 13.0";
			developmentRegion = en;
			hasScannedForEncodings = 0;
			knownRegions = (
				en,
				Base,
			);
			mainGroup = 52E5440F2B20C86200A68234;
			productRefGroup = 52E544192B20C86200A68234 /* Products */;
			projectDirPath = "";
			projectRoot = "";
			targets = (
				52E544172B20C86200A68234 /* LetsEat */,
			);
		};
/* End PBXProject section */

/* Begin PBXResourcesBuildPhase section */
		52E544162B20C86200A68234 /* Resources */ = {
			isa = PBXResourcesBuildPhase;
			buildActionMask = 2147483647;
			files = (
				528CA0622BCD7EC6003B2807 /* Charleston.json in Resources */,
				528CA05E2BCD7EC6003B2807 /* New Orleans.json in Resources */,
				52263F792BBF3BCA00B02A0C /* ExploreData.plist in Resources */,
				52E544282B20C86400A68234 /* LaunchScreen.storyboard in Resources */,
				528CA0672BCD7EC6003B2807 /* Houston.json in Resources */,
				52C384892BC5FD100059494F /* PhotoFilter.storyboard in Resources */,
				52C384872BC5FD000059494F /* ReviewForm.storyboard in Resources */,
				528CA0642BCD7EC6003B2807 /* Portland.json in Resources */,
				52E544302B20D84600A68234 /* Assets.xcassets in Resources */,
				52B4DFC42BC2F1FD00C36EA9 /* Locations.plist in Resources */,
				528CA0602BCD7EC6003B2807 /* Chicago.json in Resources */,
				528CA0612BCD7EC6003B2807 /* Philadelphia.json in Resources */,
				52C384832BC5FCCA0059494F /* RestaurantDetail.storyboard in Resources */,
				529F85152BC4440200072B66 /* MapLocations.plist in Resources */,
				528CA0662BCD7EC6003B2807 /* Los Angeles.json in Resources */,
				528CA0652BCD7EC6003B2807 /* Aspen.json in Resources */,
				528CA0632BCD7EC6003B2807 /* Las Vegas.json in Resources */,
				52E544232B20C86200A68234 /* Main.storyboard in Resources */,
				528CA0682BCD7EC6003B2807 /* Boston.json in Resources */,
				528CA05F2BCD7EC6003B2807 /* San Antonio.json in Resources */,
				528CA06A2BCD7EC6003B2807 /* San Francisco.json in Resources */,
				528CA0692BCD7EC6003B2807 /* New York.json in Resources */,
				528CA05D2BCD7EC6003B2807 /* Miami.json in Resources */,
			);
			runOnlyForDeploymentPostprocessing = 0;
		};
/* End PBXResourcesBuildPhase section */

/* Begin PBXSourcesBuildPhase section */
		52E544142B20C86200A68234 /* Sources */ = {
			isa = PBXSourcesBuildPhase;
			buildActionMask = 2147483647;
			files = (
				52C9346C2BD0276000F7A0ED /* LocationItem.swift in Sources */,
				52263F7B2BBF3CA600B02A0C /* ExploreItem.swift in Sources */,
				5209E51A2BC4919500E89130 /* DataManager.swift in Sources */,
				5209E5172BC48CED00E89130 /* MapDataManager.swift in Sources */,
				52E5441C2B20C86200A68234 /* AppDelegate.swift in Sources */,
				528CA06D2BCD821A003B2807 /* RestaurantDataManager.swift in Sources */,
				522B102C2B2B3821005EED72 /* RestaurantListViewController.swift in Sources */,
				52C3848B2BC600580059494F /* Segue.swift in Sources */,
				52E5441E2B20C86200A68234 /* SceneDelegate.swift in Sources */,
				527DC2212BC839E40001D30D /* RestaurantDetailViewController.swift in Sources */,
				5209E51C2BC4986000E89130 /* MapViewController.swift in Sources */,
				52477D292B234E900005557D /* ExploreViewController.swift in Sources */,
				52D467E82BC02EEB00A7CB62 /* ExploreDataManager.swift in Sources */,
				52D467EB2BC0441600A7CB62 /* ExploreCell.swift in Sources */,
				529F85172BC4446400072B66 /* RestaurantItem.swift in Sources */,
				52B4DFC62BC2F3FF00C36EA9 /* LocationDataManager.swift in Sources */,
				52B4DFC22BC2E86A00C36EA9 /* LocationViewController.swift in Sources */,
			);
			runOnlyForDeploymentPostprocessing = 0;
		};
/* End PBXSourcesBuildPhase section */

/* Begin PBXVariantGroup section */
		52E544212B20C86200A68234 /* Main.storyboard */ = {
			isa = PBXVariantGroup;
			children = (
				52E544222B20C86200A68234 /* Base */,
			);
			name = Main.storyboard;
			sourceTree = "<group>";
		};
		52E544262B20C86400A68234 /* LaunchScreen.storyboard */ = {
			isa = PBXVariantGroup;
			children = (
				52E544272B20C86400A68234 /* Base */,
			);
			name = LaunchScreen.storyboard;
			sourceTree = "<group>";
		};
/* End PBXVariantGroup section */

/* Begin XCBuildConfiguration section */
		52E5442A2B20C86400A68234 /* Debug */ = {
			isa = XCBuildConfiguration;
			buildSettings = {
				ALWAYS_SEARCH_USER_PATHS = NO;
				CLANG_ANALYZER_NONNULL = YES;
				CLANG_ANALYZER_NUMBER_OBJECT_CONVERSION = YES_AGGRESSIVE;
				CLANG_CXX_LANGUAGE_STANDARD = "gnu++20";
				CLANG_ENABLE_MODULES = YES;
				CLANG_ENABLE_OBJC_ARC = YES;
				CLANG_ENABLE_OBJC_WEAK = YES;
				CLANG_WARN_BLOCK_CAPTURE_AUTORELEASING = YES;
				CLANG_WARN_BOOL_CONVERSION = YES;
				CLANG_WARN_COMMA = YES;
				CLANG_WARN_CONSTANT_CONVERSION = YES;
				CLANG_WARN_DEPRECATED_OBJC_IMPLEMENTATIONS = YES;
				CLANG_WARN_DIRECT_OBJC_ISA_USAGE = YES_ERROR;
				CLANG_WARN_DOCUMENTATION_COMMENTS = YES;
				CLANG_WARN_EMPTY_BODY = YES;
				CLANG_WARN_ENUM_CONVERSION = YES;
				CLANG_WARN_INFINITE_RECURSION = YES;
				CLANG_WARN_INT_CONVERSION = YES;
				CLANG_WARN_NON_LITERAL_NULL_CONVERSION = YES;
				CLANG_WARN_OBJC_IMPLICIT_RETAIN_SELF = YES;
				CLANG_WARN_OBJC_LITERAL_CONVERSION = YES;
				CLANG_WARN_OBJC_ROOT_CLASS = YES_ERROR;
				CLANG_WARN_QUOTED_INCLUDE_IN_FRAMEWORK_HEADER = YES;
				CLANG_WARN_RANGE_LOOP_ANALYSIS = YES;
				CLANG_WARN_STRICT_PROTOTYPES = YES;
				CLANG_WARN_SUSPICIOUS_MOVE = YES;
				CLANG_WARN_UNGUARDED_AVAILABILITY = YES_AGGRESSIVE;
				CLANG_WARN_UNREACHABLE_CODE = YES;
				CLANG_WARN__DUPLICATE_METHOD_MATCH = YES;
				COPY_PHASE_STRIP = NO;
				DEBUG_INFORMATION_FORMAT = dwarf;
				ENABLE_STRICT_OBJC_MSGSEND = YES;
				ENABLE_TESTABILITY = YES;
				GCC_C_LANGUAGE_STANDARD = gnu11;
				GCC_DYNAMIC_NO_PIC = NO;
				GCC_NO_COMMON_BLOCKS = YES;
				GCC_OPTIMIZATION_LEVEL = 0;
				GCC_PREPROCESSOR_DEFINITIONS = (
					"DEBUG=1",
					"$(inherited)",
				);
				GCC_WARN_64_TO_32_BIT_CONVERSION = YES;
				GCC_WARN_ABOUT_RETURN_TYPE = YES_ERROR;
				GCC_WARN_UNDECLARED_SELECTOR = YES;
				GCC_WARN_UNINITIALIZED_AUTOS = YES_AGGRESSIVE;
				GCC_WARN_UNUSED_FUNCTION = YES;
				GCC_WARN_UNUSED_VARIABLE = YES;
				IPHONEOS_DEPLOYMENT_TARGET = 16.2;
				MTL_ENABLE_DEBUG_INFO = INCLUDE_SOURCE;
				MTL_FAST_MATH = YES;
				ONLY_ACTIVE_ARCH = YES;
				SDKROOT = iphoneos;
				SWIFT_ACTIVE_COMPILATION_CONDITIONS = DEBUG;
				SWIFT_OPTIMIZATION_LEVEL = "-Onone";
			};
			name = Debug;
		};
		52E5442B2B20C86400A68234 /* Release */ = {
			isa = XCBuildConfiguration;
			buildSettings = {
				ALWAYS_SEARCH_USER_PATHS = NO;
				CLANG_ANALYZER_NONNULL = YES;
				CLANG_ANALYZER_NUMBER_OBJECT_CONVERSION = YES_AGGRESSIVE;
				CLANG_CXX_LANGUAGE_STANDARD = "gnu++20";
				CLANG_ENABLE_MODULES = YES;
				CLANG_ENABLE_OBJC_ARC = YES;
				CLANG_ENABLE_OBJC_WEAK = YES;
				CLANG_WARN_BLOCK_CAPTURE_AUTORELEASING = YES;
				CLANG_WARN_BOOL_CONVERSION = YES;
				CLANG_WARN_COMMA = YES;
				CLANG_WARN_CONSTANT_CONVERSION = YES;
				CLANG_WARN_DEPRECATED_OBJC_IMPLEMENTATIONS = YES;
				CLANG_WARN_DIRECT_OBJC_ISA_USAGE = YES_ERROR;
				CLANG_WARN_DOCUMENTATION_COMMENTS = YES;
				CLANG_WARN_EMPTY_BODY = YES;
				CLANG_WARN_ENUM_CONVERSION = YES;
				CLANG_WARN_INFINITE_RECURSION = YES;
				CLANG_WARN_INT_CONVERSION = YES;
				CLANG_WARN_NON_LITERAL_NULL_CONVERSION = YES;
				CLANG_WARN_OBJC_IMPLICIT_RETAIN_SELF = YES;
				CLANG_WARN_OBJC_LITERAL_CONVERSION = YES;
				CLANG_WARN_OBJC_ROOT_CLASS = YES_ERROR;
				CLANG_WARN_QUOTED_INCLUDE_IN_FRAMEWORK_HEADER = YES;
				CLANG_WARN_RANGE_LOOP_ANALYSIS = YES;
				CLANG_WARN_STRICT_PROTOTYPES = YES;
				CLANG_WARN_SUSPICIOUS_MOVE = YES;
				CLANG_WARN_UNGUARDED_AVAILABILITY = YES_AGGRESSIVE;
				CLANG_WARN_UNREACHABLE_CODE = YES;
				CLANG_WARN__DUPLICATE_METHOD_MATCH = YES;
				COPY_PHASE_STRIP = NO;
				DEBUG_INFORMATION_FORMAT = "dwarf-with-dsym";
				ENABLE_NS_ASSERTIONS = NO;
				ENABLE_STRICT_OBJC_MSGSEND = YES;
				GCC_C_LANGUAGE_STANDARD = gnu11;
				GCC_NO_COMMON_BLOCKS = YES;
				GCC_WARN_64_TO_32_BIT_CONVERSION = YES;
				GCC_WARN_ABOUT_RETURN_TYPE = YES_ERROR;
				GCC_WARN_UNDECLARED_SELECTOR = YES;
				GCC_WARN_UNINITIALIZED_AUTOS = YES_AGGRESSIVE;
				GCC_WARN_UNUSED_FUNCTION = YES;
				GCC_WARN_UNUSED_VARIABLE = YES;
				IPHONEOS_DEPLOYMENT_TARGET = 16.2;
				MTL_ENABLE_DEBUG_INFO = NO;
				MTL_FAST_MATH = YES;
				SDKROOT = iphoneos;
				SWIFT_COMPILATION_MODE = wholemodule;
				SWIFT_OPTIMIZATION_LEVEL = "-O";
				VALIDATE_PRODUCT = YES;
			};
			name = Release;
		};
		52E5442D2B20C86400A68234 /* Debug */ = {
			isa = XCBuildConfiguration;
			buildSettings = {
				ASSETCATALOG_COMPILER_APPICON_NAME = AppIcon;
				ASSETCATALOG_COMPILER_GLOBAL_ACCENT_COLOR_NAME = AccentColor;
				CODE_SIGN_STYLE = Automatic;
				CURRENT_PROJECT_VERSION = 1;
				DEVELOPMENT_TEAM = DX3GT8WHRK;
				GENERATE_INFOPLIST_FILE = YES;
				INFOPLIST_FILE = LetsEat/Info.plist;
				INFOPLIST_KEY_UIApplicationSupportsIndirectInputEvents = YES;
				INFOPLIST_KEY_UILaunchStoryboardName = LaunchScreen;
				INFOPLIST_KEY_UIMainStoryboardFile = Main;
				INFOPLIST_KEY_UISupportedInterfaceOrientations_iPad = "UIInterfaceOrientationPortrait UIInterfaceOrientationPortraitUpsideDown UIInterfaceOrientationLandscapeLeft UIInterfaceOrientationLandscapeRight";
				INFOPLIST_KEY_UISupportedInterfaceOrientations_iPhone = "UIInterfaceOrientationPortrait UIInterfaceOrientationLandscapeLeft UIInterfaceOrientationLandscapeRight";
				IPHONEOS_DEPLOYMENT_TARGET = 13.0;
				LD_RUNPATH_SEARCH_PATHS = (
					"$(inherited)",
					"@executable_path/Frameworks",
				);
				MARKETING_VERSION = 1.0;
				PRODUCT_BUNDLE_IDENTIFIER = com.gurmentor.LetsEat;
				PRODUCT_NAME = "$(TARGET_NAME)";
				SWIFT_EMIT_LOC_STRINGS = YES;
				SWIFT_VERSION = 5.0;
				TARGETED_DEVICE_FAMILY = "1,2";
			};
			name = Debug;
		};
		52E5442E2B20C86400A68234 /* Release */ = {
			isa = XCBuildConfiguration;
			buildSettings = {
				ASSETCATALOG_COMPILER_APPICON_NAME = AppIcon;
				ASSETCATALOG_COMPILER_GLOBAL_ACCENT_COLOR_NAME = AccentColor;
				CODE_SIGN_STYLE = Automatic;
				CURRENT_PROJECT_VERSION = 1;
				DEVELOPMENT_TEAM = DX3GT8WHRK;
				GENERATE_INFOPLIST_FILE = YES;
				INFOPLIST_FILE = LetsEat/Info.plist;
				INFOPLIST_KEY_UIApplicationSupportsIndirectInputEvents = YES;
				INFOPLIST_KEY_UILaunchStoryboardName = LaunchScreen;
				INFOPLIST_KEY_UIMainStoryboardFile = Main;
				INFOPLIST_KEY_UISupportedInterfaceOrientations_iPad = "UIInterfaceOrientationPortrait UIInterfaceOrientationPortraitUpsideDown UIInterfaceOrientationLandscapeLeft UIInterfaceOrientationLandscapeRight";
				INFOPLIST_KEY_UISupportedInterfaceOrientations_iPhone = "UIInterfaceOrientationPortrait UIInterfaceOrientationLandscapeLeft UIInterfaceOrientationLandscapeRight";
				IPHONEOS_DEPLOYMENT_TARGET = 13.0;
				LD_RUNPATH_SEARCH_PATHS = (
					"$(inherited)",
					"@executable_path/Frameworks",
				);
				MARKETING_VERSION = 1.0;
				PRODUCT_BUNDLE_IDENTIFIER = com.gurmentor.LetsEat;
				PRODUCT_NAME = "$(TARGET_NAME)";
				SWIFT_EMIT_LOC_STRINGS = YES;
				SWIFT_VERSION = 5.0;
				TARGETED_DEVICE_FAMILY = "1,2";
			};
			name = Release;
		};
/* End XCBuildConfiguration section */

/* Begin XCConfigurationList section */
		52E544132B20C86200A68234 /* Build configuration list for PBXProject "LetsEat" */ = {
			isa = XCConfigurationList;
			buildConfigurations = (
				52E5442A2B20C86400A68234 /* Debug */,
				52E5442B2B20C86400A68234 /* Release */,
			);
			defaultConfigurationIsVisible = 0;
			defaultConfigurationName = Release;
		};
		52E5442C2B20C86400A68234 /* Build configuration list for PBXNativeTarget "LetsEat" */ = {
			isa = XCConfigurationList;
			buildConfigurations = (
				52E5442D2B20C86400A68234 /* Debug */,
				52E5442E2B20C86400A68234 /* Release */,
			);
			defaultConfigurationIsVisible = 0;
			defaultConfigurationName = Release;
		};
/* End XCConfigurationList section */
	};
	rootObject = 52E544102B20C86200A68234 /* Project object */;
}
